
Microsoft Visual Studio Solution File, Format Version 12.00
# Visual Studio Version 16
VisualStudioVersion = 16.0.30114.105
MinimumVisualStudioVersion = 10.0.40219.1
Project("{2150E333-8FDC-42A3-9474-1A3956D46DE8}") = "src", "src", "{CE3DEED6-2780-447F-9D25-EF252BAA1E13}"
EndProject
Project("{FAE04EC0-301F-11D3-BF4B-00C04F79EFBC}") = "Nuvei.Submodule.Shared.Domian", "src\Nuvei.Submodule.Shared.Domian\Nuvei.Submodule.Shared.Domian.csproj", "{90BCB375-C1C4-4F18-BFF0-EF8133E0D17D}"
EndProject
Global
	GlobalSection(SolutionConfigurationPlatforms) = preSolution
		Debug|Any CPU = Debug|Any CPU
		Release|Any CPU = Release|Any CPU
	EndGlobalSection
	GlobalSection(SolutionProperties) = preSolution
		HideSolutionNode = FALSE
	EndGlobalSection
	GlobalSection(ProjectConfigurationPlatforms) = postSolution
		{90BCB375-C1C4-4F18-BFF0-EF8133E0D17D}.Debug|Any CPU.ActiveCfg = Debug|Any CPU
		{90BCB375-C1C4-4F18-BFF0-EF8133E0D17D}.Debug|Any CPU.Build.0 = Debug|Any CPU
		{90BCB375-C1C4-4F18-BFF0-EF8133E0D17D}.Release|Any CPU.ActiveCfg = Release|Any CPU
		{90BCB375-C1C4-4F18-BFF0-EF8133E0D17D}.Release|Any CPU.Build.0 = Release|Any CPU
	EndGlobalSection
	GlobalSection(NestedProjects) = preSolution
		{90BCB375-C1C4-4F18-BFF0-EF8133E0D17D} = {CE3DEED6-2780-447F-9D25-EF252BAA1E13}
	EndGlobalSection
EndGlobal
